// !$*UTF8*$!
{
	archiveVersion = 1;
	classes = {
	};
	objectVersion = 56;
	objects = {

/* Begin PBXBuildFile section */
		CEBB6DFE2B4B06080016B367 /* RandomQuoteAndImagesApp.swift in Sources */ = {isa = PBXBuildFile; fileRef = CEBB6DFD2B4B06080016B367 /* RandomQuoteAndImagesApp.swift */; };
		CEBB6E002B4B06080016B367 /* ContentView.swift in Sources */ = {isa = PBXBuildFile; fileRef = CEBB6DFF2B4B06080016B367 /* ContentView.swift */; };
		CEBB6E022B4B060A0016B367 /* Assets.xcassets in Resources */ = {isa = PBXBuildFile; fileRef = CEBB6E012B4B060A0016B367 /* Assets.xcassets */; };
		CEBB6E052B4B060A0016B367 /* Preview Assets.xcassets in Resources */ = {isa = PBXBuildFile; fileRef = CEBB6E042B4B060A0016B367 /* Preview Assets.xcassets */; };
		CEBB6E0F2B4B060A0016B367 /* RandomQuoteAndImagesTests.swift in Sources */ = {isa = PBXBuildFile; fileRef = CEBB6E0E2B4B060A0016B367 /* RandomQuoteAndImagesTests.swift */; };
		CEBB6E192B4B060A0016B367 /* RandomQuoteAndImagesUITests.swift in Sources */ = {isa = PBXBuildFile; fileRef = CEBB6E182B4B060A0016B367 /* RandomQuoteAndImagesUITests.swift */; };
		CEBB6E1B2B4B060A0016B367 /* RandomQuoteAndImagesUITestsLaunchTests.swift in Sources */ = {isa = PBXBuildFile; fileRef = CEBB6E1A2B4B060A0016B367 /* RandomQuoteAndImagesUITestsLaunchTests.swift */; };
/* End PBXBuildFile section */

/* Begin PBXContainerItemProxy section */
		CEBB6E0B2B4B060A0016B367 /* PBXContainerItemProxy */ = {
			isa = PBXContainerItemProxy;
			containerPortal = CEBB6DF22B4B06070016B367 /* Project object */;
			proxyType = 1;
			remoteGlobalIDString = CEBB6DF92B4B06080016B367;
			remoteInfo = RandomQuoteAndImages;
		};
		CEBB6E152B4B060A0016B367 /* PBXContainerItemProxy */ = {
			isa = PBXContainerItemProxy;
			containerPortal = CEBB6DF22B4B06070016B367 /* Project object */;
			proxyType = 1;
			remoteGlobalIDString = CEBB6DF92B4B06080016B367;
			remoteInfo = RandomQuoteAndImages;
		};
/* End PBXContainerItemProxy section */

/* Begin PBXFileReference section */
		CEBB6DFA2B4B06080016B367 /* RandomQuoteAndImages.app */ = {isa = PBXFileReference; explicitFileType = wrapper.application; includeInIndex = 0; path = RandomQuoteAndImages.app; sourceTree = BUILT_PRODUCTS_DIR; };
		CEBB6DFD2B4B06080016B367 /* RandomQuoteAndImagesApp.swift */ = {isa = PBXFileReference; lastKnownFileType = sourcecode.swift; path = RandomQuoteAndImagesApp.swift; sourceTree = "<group>"; };
		CEBB6DFF2B4B06080016B367 /* ContentView.swift */ = {isa = PBXFileReference; lastKnownFileType = sourcecode.swift; path = ContentView.swift; sourceTree = "<group>"; };
		CEBB6E012B4B060A0016B367 /* Assets.xcassets */ = {isa = PBXFileReference; lastKnownFileType = folder.assetcatalog; path = Assets.xcassets; sourceTree = "<group>"; };
		CEBB6E042B4B060A0016B367 /* Preview Assets.xcassets */ = {isa = PBXFileReference; lastKnownFileType = folder.assetcatalog; path = "Preview Assets.xcassets"; sourceTree = "<group>"; };
		CEBB6E0A2B4B060A0016B367 /* RandomQuoteAndImagesTests.xctest */ = {isa = PBXFileReference; explicitFileType = wrapper.cfbundle; includeInIndex = 0; path = RandomQuoteAndImagesTests.xctest; sourceTree = BUILT_PRODUCTS_DIR; };
		CEBB6E0E2B4B060A0016B367 /* RandomQuoteAndImagesTests.swift */ = {isa = PBXFileReference; lastKnownFileType = sourcecode.swift; path = RandomQuoteAndImagesTests.swift; sourceTree = "<group>"; };
		CEBB6E142B4B060A0016B367 /* RandomQuoteAndImagesUITests.xctest */ = {isa = PBXFileReference; explicitFileType = wrapper.cfbundle; includeInIndex = 0; path = RandomQuoteAndImagesUITests.xctest; sourceTree = BUILT_PRODUCTS_DIR; };
		CEBB6E182B4B060A0016B367 /* RandomQuoteAndImagesUITests.swift */ = {isa = PBXFileReference; lastKnownFileType = sourcecode.swift; path = RandomQuoteAndImagesUITests.swift; sourceTree = "<group>"; };
		CEBB6E1A2B4B060A0016B367 /* RandomQuoteAndImagesUITestsLaunchTests.swift */ = {isa = PBXFileReference; lastKnownFileType = sourcecode.swift; path = RandomQuoteAndImagesUITestsLaunchTests.swift; sourceTree = "<group>"; };
/* End PBXFileReference section */

/* Begin PBXFrameworksBuildPhase section */
		CEBB6DF72B4B06080016B367 /* Frameworks */ = {
			isa = PBXFrameworksBuildPhase;
			buildActionMask = 2147483647;
			files = (
			);
			runOnlyForDeploymentPostprocessing = 0;
		};
		CEBB6E072B4B060A0016B367 /* Frameworks */ = {
			isa = PBXFrameworksBuildPhase;
			buildActionMask = 2147483647;
			files = (
			);
			runOnlyForDeploymentPostprocessing = 0;
		};
		CEBB6E112B4B060A0016B367 /* Frameworks */ = {
			isa = PBXFrameworksBuildPhase;
			buildActionMask = 2147483647;
			files = (
			);
			runOnlyForDeploymentPostprocessing = 0;
		};
/* End PBXFrameworksBuildPhase section */

/* Begin PBXGroup section */
		CEBB6DF12B4B06070016B367 = {
			isa = PBXGroup;
			children = (
				CEBB6DFC2B4B06080016B367 /* RandomQuoteAndImages */,
				CEBB6E0D2B4B060A0016B367 /* RandomQuoteAndImagesTests */,
				CEBB6E172B4B060A0016B367 /* RandomQuoteAndImagesUITests */,
				CEBB6DFB2B4B06080016B367 /* Products */,
			);
			sourceTree = "<group>";
		};
		CEBB6DFB2B4B06080016B367 /* Products */ = {
			isa = PBXGroup;
			children = (
				CEBB6DFA2B4B06080016B367 /* RandomQuoteAndImages.app */,
				CEBB6E0A2B4B060A0016B367 /* RandomQuoteAndImagesTests.xctest */,
				CEBB6E142B4B060A0016B367 /* RandomQuoteAndImagesUITests.xctest */,
			);
			name = Products;
			sourceTree = "<group>";
		};
		CEBB6DFC2B4B06080016B367 /* RandomQuoteAndImages */ = {
			isa = PBXGroup;
			children = (
				CEBB6DFD2B4B06080016B367 /* RandomQuoteAndImagesApp.swift */,
				CEBB6DFF2B4B06080016B367 /* ContentView.swift */,
				CEBB6E012B4B060A0016B367 /* Assets.xcassets */,
				CEBB6E032B4B060A0016B367 /* Preview Content */,
			);
			path = RandomQuoteAndImages;
			sourceTree = "<group>";
		};
		CEBB6E032B4B060A0016B367 /* Preview Content */ = {
			isa = PBXGroup;
			children = (
				CEBB6E042B4B060A0016B367 /* Preview Assets.xcassets */,
			);
			path = "Preview Content";
			sourceTree = "<group>";
		};
		CEBB6E0D2B4B060A0016B367 /* RandomQuoteAndImagesTests */ = {
			isa = PBXGroup;
			children = (
				CEBB6E0E2B4B060A0016B367 /* RandomQuoteAndImagesTests.swift */,
			);
			path = RandomQuoteAndImagesTests;
			sourceTree = "<group>";
		};
		CEBB6E172B4B060A0016B367 /* RandomQuoteAndImagesUITests */ = {
			isa = PBXGroup;
			children = (
				CEBB6E182B4B060A0016B367 /* RandomQuoteAndImagesUITests.swift */,
				CEBB6E1A2B4B060A0016B367 /* RandomQuoteAndImagesUITestsLaunchTests.swift */,
			);
			path = RandomQuoteAndImagesUITests;
			sourceTree = "<group>";
		};
/* End PBXGroup section */

/* Begin PBXNativeTarget section */
		CEBB6DF92B4B06080016B367 /* RandomQuoteAndImages */ = {
			isa = PBXNativeTarget;
			buildConfigurationList = CEBB6E1E2B4B060A0016B367 /* Build configuration list for PBXNativeTarget "RandomQuoteAndImages" */;
			buildPhases = (
				CEBB6DF62B4B06080016B367 /* Sources */,
				CEBB6DF72B4B06080016B367 /* Frameworks */,
				CEBB6DF82B4B06080016B367 /* Resources */,
			);
			buildRules = (
			);
			dependencies = (
			);
			name = RandomQuoteAndImages;
			productName = RandomQuoteAndImages;
			productReference = CEBB6DFA2B4B06080016B367 /* RandomQuoteAndImages.app */;
			productType = "com.apple.product-type.application";
		};
		CEBB6E092B4B060A0016B367 /* RandomQuoteAndImagesTests */ = {
			isa = PBXNativeTarget;
			buildConfigurationList = CEBB6E212B4B060A0016B367 /* Build configuration list for PBXNativeTarget "RandomQuoteAndImagesTests" */;
			buildPhases = (
				CEBB6E062B4B060A0016B367 /* Sources */,
				CEBB6E072B4B060A0016B367 /* Frameworks */,
				CEBB6E082B4B060A0016B367 /* Resources */,
			);
			buildRules = (
			);
			dependencies = (
				CEBB6E0C2B4B060A0016B367 /* PBXTargetDependency */,
			);
			name = RandomQuoteAndImagesTests;
			productName = RandomQuoteAndImagesTests;
			productReference = CEBB6E0A2B4B060A0016B367 /* RandomQuoteAndImagesTests.xctest */;
			productType = "com.apple.product-type.bundle.unit-test";
		};
		CEBB6E132B4B060A0016B367 /* RandomQuoteAndImagesUITests */ = {
			isa = PBXNativeTarget;
			buildConfigurationList = CEBB6E242B4B060A0016B367 /* Build configuration list for PBXNativeTarget "RandomQuoteAndImagesUITests" */;
			buildPhases = (
				CEBB6E102B4B060A0016B367 /* Sources */,
				CEBB6E112B4B060A0016B367 /* Frameworks */,
				CEBB6E122B4B060A0016B367 /* Resources */,
			);
			buildRules = (
			);
			dependencies = (
				CEBB6E162B4B060A0016B367 /* PBXTargetDependency */,
			);
			name = RandomQuoteAndImagesUITests;
			productName = RandomQuoteAndImagesUITests;
			productReference = CEBB6E142B4B060A0016B367 /* RandomQuoteAndImagesUITests.xctest */;
			productType = "com.apple.product-type.bundle.ui-testing";
		};
/* End PBXNativeTarget section */

/* Begin PBXProject section */
		CEBB6DF22B4B06070016B367 /* Project object */ = {
			isa = PBXProject;
			attributes = {
				BuildIndependentTargetsInParallel = 1;
				LastSwiftUpdateCheck = 1500;
				LastUpgradeCheck = 1500;
				TargetAttributes = {
					CEBB6DF92B4B06080016B367 = {
						CreatedOnToolsVersion = 15.0.1;
					};
					CEBB6E092B4B060A0016B367 = {
						CreatedOnToolsVersion = 15.0.1;
						TestTargetID = CEBB6DF92B4B06080016B367;
					};
					CEBB6E132B4B060A0016B367 = {
						CreatedOnToolsVersion = 15.0.1;
						TestTargetID = CEBB6DF92B4B06080016B367;
					};
				};
			};
			buildConfigurationList = CEBB6DF52B4B06070016B367 /* Build configuration list for PBXProject "RandomQuoteAndImages" */;
			compatibilityVersion = "Xcode 14.0";
			developmentRegion = en;
			hasScannedForEncodings = 0;
			knownRegions = (
				en,
				Base,
			);
			mainGroup = CEBB6DF12B4B06070016B367;
			productRefGroup = CEBB6DFB2B4B06080016B367 /* Products */;
			projectDirPath = "";
			projectRoot = "";
			targets = (
				CEBB6DF92B4B06080016B367 /* RandomQuoteAndImages */,
				CEBB6E092B4B060A0016B367 /* RandomQuoteAndImagesTests */,
				CEBB6E132B4B060A0016B367 /* RandomQuoteAndImagesUITests */,
			);
		};
/* End PBXProject section */

/* Begin PBXResourcesBuildPhase section */
		CEBB6DF82B4B06080016B367 /* Resources */ = {
			isa = PBXResourcesBuildPhase;
			buildActionMask = 2147483647;
			files = (
				CEBB6E052B4B060A0016B367 /* Preview Assets.xcassets in Resources */,
				CEBB6E022B4B060A0016B367 /* Assets.xcassets in Resources */,
			);
			runOnlyForDeploymentPostprocessing = 0;
		};
		CEBB6E082B4B060A0016B367 /* Resources */ = {
			isa = PBXResourcesBuildPhase;
			buildActionMask = 2147483647;
			files = (
			);
			runOnlyForDeploymentPostprocessing = 0;
		};
		CEBB6E122B4B060A0016B367 /* Resources */ = {
			isa = PBXResourcesBuildPhase;
			buildActionMask = 2147483647;
			files = (
			);
			runOnlyForDeploymentPostprocessing = 0;
		};
/* End PBXResourcesBuildPhase section */

/* Begin PBXSourcesBuildPhase section */
		CEBB6DF62B4B06080016B367 /* Sources */ = {
			isa = PBXSourcesBuildPhase;
			buildActionMask = 2147483647;
			files = (
				CEBB6E002B4B06080016B367 /* ContentView.swift in Sources */,
				CEBB6DFE2B4B06080016B367 /* RandomQuoteAndImagesApp.swift in Sources */,
			);
			runOnlyForDeploymentPostprocessing = 0;
		};
		CEBB6E062B4B060A0016B367 /* Sources */ = {
			isa = PBXSourcesBuildPhase;
			buildActionMask = 2147483647;
			files = (
				CEBB6E0F2B4B060A0016B367 /* RandomQuoteAndImagesTests.swift in Sources */,
			);
			runOnlyForDeploymentPostprocessing = 0;
		};
		CEBB6E102B4B060A0016B367 /* Sources */ = {
			isa = PBXSourcesBuildPhase;
			buildActionMask = 2147483647;
			files = (
				CEBB6E1B2B4B060A0016B367 /* RandomQuoteAndImagesUITestsLaunchTests.swift in Sources */,
				CEBB6E192B4B060A0016B367 /* RandomQuoteAndImagesUITests.swift in Sources */,
			);
			runOnlyForDeploymentPostprocessing = 0;
		};
/* End PBXSourcesBuildPhase section */

/* Begin PBXTargetDependency section */
		CEBB6E0C2B4B060A0016B367 /* PBXTargetDependency */ = {
			isa = PBXTargetDependency;
			target = CEBB6DF92B4B06080016B367 /* RandomQuoteAndImages */;
			targetProxy = CEBB6E0B2B4B060A0016B367 /* PBXContainerItemProxy */;
		};
		CEBB6E162B4B060A0016B367 /* PBXTargetDependency */ = {
			isa = PBXTargetDependency;
			target = CEBB6DF92B4B06080016B367 /* RandomQuoteAndImages */;
			targetProxy = CEBB6E152B4B060A0016B367 /* PBXContainerItemProxy */;
		};
/* End PBXTargetDependency section */

/* Begin XCBuildConfiguration section */
		CEBB6E1C2B4B060A0016B367 /* Debug */ = {
			isa = XCBuildConfiguration;
			buildSettings = {
				ALWAYS_SEARCH_USER_PATHS = NO;
				ASSETCATALOG_COMPILER_GENERATE_SWIFT_ASSET_SYMBOL_EXTENSIONS = YES;
				CLANG_ANALYZER_NONNULL = YES;
				CLANG_ANALYZER_NUMBER_OBJECT_CONVERSION = YES_AGGRESSIVE;
				CLANG_CXX_LANGUAGE_STANDARD = "gnu++20";
				CLANG_ENABLE_MODULES = YES;
				CLANG_ENABLE_OBJC_ARC = YES;
				CLANG_ENABLE_OBJC_WEAK = YES;
				CLANG_WARN_BLOCK_CAPTURE_AUTORELEASING = YES;
				CLANG_WARN_BOOL_CONVERSION = YES;
				CLANG_WARN_COMMA = YES;
				CLANG_WARN_CONSTANT_CONVERSION = YES;
				CLANG_WARN_DEPRECATED_OBJC_IMPLEMENTATIONS = YES;
				CLANG_WARN_DIRECT_OBJC_ISA_USAGE = YES_ERROR;
				CLANG_WARN_DOCUMENTATION_COMMENTS = YES;
				CLANG_WARN_EMPTY_BODY = YES;
				CLANG_WARN_ENUM_CONVERSION = YES;
				CLANG_WARN_INFINITE_RECURSION = YES;
				CLANG_WARN_INT_CONVERSION = YES;
				CLANG_WARN_NON_LITERAL_NULL_CONVERSION = YES;
				CLANG_WARN_OBJC_IMPLICIT_RETAIN_SELF = YES;
				CLANG_WARN_OBJC_LITERAL_CONVERSION = YES;
				CLANG_WARN_OBJC_ROOT_CLASS = YES_ERROR;
				CLANG_WARN_QUOTED_INCLUDE_IN_FRAMEWORK_HEADER = YES;
				CLANG_WARN_RANGE_LOOP_ANALYSIS = YES;
				CLANG_WARN_STRICT_PROTOTYPES = YES;
				CLANG_WARN_SUSPICIOUS_MOVE = YES;
				CLANG_WARN_UNGUARDED_AVAILABILITY = YES_AGGRESSIVE;
				CLANG_WARN_UNREACHABLE_CODE = YES;
				CLANG_WARN__DUPLICATE_METHOD_MATCH = YES;
				COPY_PHASE_STRIP = NO;
				DEBUG_INFORMATION_FORMAT = dwarf;
				ENABLE_STRICT_OBJC_MSGSEND = YES;
				ENABLE_TESTABILITY = YES;
				ENABLE_USER_SCRIPT_SANDBOXING = YES;
				GCC_C_LANGUAGE_STANDARD = gnu17;
				GCC_DYNAMIC_NO_PIC = NO;
				GCC_NO_COMMON_BLOCKS = YES;
				GCC_OPTIMIZATION_LEVEL = 0;
				GCC_PREPROCESSOR_DEFINITIONS = (
					"DEBUG=1",
					"$(inherited)",
				);
				GCC_WARN_64_TO_32_BIT_CONVERSION = YES;
				GCC_WARN_ABOUT_RETURN_TYPE = YES_ERROR;
				GCC_WARN_UNDECLARED_SELECTOR = YES;
				GCC_WARN_UNINITIALIZED_AUTOS = YES_AGGRESSIVE;
				GCC_WARN_UNUSED_FUNCTION = YES;
				GCC_WARN_UNUSED_VARIABLE = YES;
				IPHONEOS_DEPLOYMENT_TARGET = 17.0;
				LOCALIZATION_PREFERS_STRING_CATALOGS = YES;
				MTL_ENABLE_DEBUG_INFO = INCLUDE_SOURCE;
				MTL_FAST_MATH = YES;
				ONLY_ACTIVE_ARCH = YES;
				SDKROOT = iphoneos;
				SWIFT_ACTIVE_COMPILATION_CONDITIONS = "DEBUG $(inherited)";
				SWIFT_OPTIMIZATION_LEVEL = "-Onone";
			};
			name = Debug;
		};
		CEBB6E1D2B4B060A0016B367 /* Release */ = {
			isa = XCBuildConfiguration;
			buildSettings = {
				ALWAYS_SEARCH_USER_PATHS = NO;
				ASSETCATALOG_COMPILER_GENERATE_SWIFT_ASSET_SYMBOL_EXTENSIONS = YES;
				CLANG_ANALYZER_NONNULL = YES;
				CLANG_ANALYZER_NUMBER_OBJECT_CONVERSION = YES_AGGRESSIVE;
				CLANG_CXX_LANGUAGE_STANDARD = "gnu++20";
				CLANG_ENABLE_MODULES = YES;
				CLANG_ENABLE_OBJC_ARC = YES;
				CLANG_ENABLE_OBJC_WEAK = YES;
				CLANG_WARN_BLOCK_CAPTURE_AUTORELEASING = YES;
				CLANG_WARN_BOOL_CONVERSION = YES;
				CLANG_WARN_COMMA = YES;
				CLANG_WARN_CONSTANT_CONVERSION = YES;
				CLANG_WARN_DEPRECATED_OBJC_IMPLEMENTATIONS = YES;
				CLANG_WARN_DIRECT_OBJC_ISA_USAGE = YES_ERROR;
				CLANG_WARN_DOCUMENTATION_COMMENTS = YES;
				CLANG_WARN_EMPTY_BODY = YES;
				CLANG_WARN_ENUM_CONVERSION = YES;
				CLANG_WARN_INFINITE_RECURSION = YES;
				CLANG_WARN_INT_CONVERSION = YES;
				CLANG_WARN_NON_LITERAL_NULL_CONVERSION = YES;
				CLANG_WARN_OBJC_IMPLICIT_RETAIN_SELF = YES;
				CLANG_WARN_OBJC_LITERAL_CONVERSION = YES;
				CLANG_WARN_OBJC_ROOT_CLASS = YES_ERROR;
				CLANG_WARN_QUOTED_INCLUDE_IN_FRAMEWORK_HEADER = YES;
				CLANG_WARN_RANGE_LOOP_ANALYSIS = YES;
				CLANG_WARN_STRICT_PROTOTYPES = YES;
				CLANG_WARN_SUSPICIOUS_MOVE = YES;
				CLANG_WARN_UNGUARDED_AVAILABILITY = YES_AGGRESSIVE;
				CLANG_WARN_UNREACHABLE_CODE = YES;
				CLANG_WARN__DUPLICATE_METHOD_MATCH = YES;
				COPY_PHASE_STRIP = NO;
				DEBUG_INFORMATION_FORMAT = "dwarf-with-dsym";
				ENABLE_NS_ASSERTIONS = NO;
				ENABLE_STRICT_OBJC_MSGSEND = YES;
				ENABLE_USER_SCRIPT_SANDBOXING = YES;
				GCC_C_LANGUAGE_STANDARD = gnu17;
				GCC_NO_COMMON_BLOCKS = YES;
				GCC_WARN_64_TO_32_BIT_CONVERSION = YES;
				GCC_WARN_ABOUT_RETURN_TYPE = YES_ERROR;
				GCC_WARN_UNDECLARED_SELECTOR = YES;
				GCC_WARN_UNINITIALIZED_AUTOS = YES_AGGRESSIVE;
				GCC_WARN_UNUSED_FUNCTION = YES;
				GCC_WARN_UNUSED_VARIABLE = YES;
				IPHONEOS_DEPLOYMENT_TARGET = 17.0;
				LOCALIZATION_PREFERS_STRING_CATALOGS = YES;
				MTL_ENABLE_DEBUG_INFO = NO;
				MTL_FAST_MATH = YES;
				SDKROOT = iphoneos;
				SWIFT_COMPILATION_MODE = wholemodule;
				VALIDATE_PRODUCT = YES;
			};
			name = Release;
		};
		CEBB6E1F2B4B060A0016B367 /* Debug */ = {
			isa = XCBuildConfiguration;
			buildSettings = {
				ASSETCATALOG_COMPILER_APPICON_NAME = AppIcon;
				ASSETCATALOG_COMPILER_GLOBAL_ACCENT_COLOR_NAME = AccentColor;
				CODE_SIGN_STYLE = Automatic;
				CURRENT_PROJECT_VERSION = 1;
				DEVELOPMENT_ASSET_PATHS = "\"RandomQuoteAndImages/Preview Content\"";
				DEVELOPMENT_TEAM = FZXL4C9474;
				ENABLE_PREVIEWS = YES;
				GENERATE_INFOPLIST_FILE = YES;
				INFOPLIST_KEY_UIApplicationSceneManifest_Generation = YES;
				INFOPLIST_KEY_UIApplicationSupportsIndirectInputEvents = YES;
				INFOPLIST_KEY_UILaunchScreen_Generation = YES;
				INFOPLIST_KEY_UISupportedInterfaceOrientations_iPad = "UIInterfaceOrientationPortrait UIInterfaceOrientationPortraitUpsideDown UIInterfaceOrientationLandscapeLeft UIInterfaceOrientationLandscapeRight";
				INFOPLIST_KEY_UISupportedInterfaceOrientations_iPhone = "UIInterfaceOrientationPortrait UIInterfaceOrientationLandscapeLeft UIInterfaceOrientationLandscapeRight";
				LD_RUNPATH_SEARCH_PATHS = (
					"$(inherited)",
					"@executable_path/Frameworks",
				);
				MARKETING_VERSION = 1.0;
				PRODUCT_BUNDLE_IDENTIFIER = com.aliHassan.RandomQuoteAndImages;
				PRODUCT_NAME = "$(TARGET_NAME)";
				SWIFT_EMIT_LOC_STRINGS = YES;
				SWIFT_VERSION = 5.0;
				TARGETED_DEVICE_FAMILY = "1,2";
			};
			name = Debug;
		};
		CEBB6E202B4B060A0016B367 /* Release */ = {
			isa = XCBuildConfiguration;
			buildSettings = {
				ASSETCATALOG_COMPILER_APPICON_NAME = AppIcon;
				ASSETCATALOG_COMPILER_GLOBAL_ACCENT_COLOR_NAME = AccentColor;
				CODE_SIGN_STYLE = Automatic;
				CURRENT_PROJECT_VERSION = 1;
				DEVELOPMENT_ASSET_PATHS = "\"RandomQuoteAndImages/Preview Content\"";
				DEVELOPMENT_TEAM = FZXL4C9474;
				ENABLE_PREVIEWS = YES;
				GENERATE_INFOPLIST_FILE = YES;
				INFOPLIST_KEY_UIApplicationSceneManifest_Generation = YES;
				INFOPLIST_KEY_UIApplicationSupportsIndirectInputEvents = YES;
				INFOPLIST_KEY_UILaunchScreen_Generation = YES;
				INFOPLIST_KEY_UISupportedInterfaceOrientations_iPad = "UIInterfaceOrientationPortrait UIInterfaceOrientationPortraitUpsideDown UIInterfaceOrientationLandscapeLeft UIInterfaceOrientationLandscapeRight";
				INFOPLIST_KEY_UISupportedInterfaceOrientations_iPhone = "UIInterfaceOrientationPortrait UIInterfaceOrientationLandscapeLeft UIInterfaceOrientationLandscapeRight";
				LD_RUNPATH_SEARCH_PATHS = (
					"$(inherited)",
					"@executable_path/Frameworks",
				);
				MARKETING_VERSION = 1.0;
				PRODUCT_BUNDLE_IDENTIFIER = com.aliHassan.RandomQuoteAndImages;
				PRODUCT_NAME = "$(TARGET_NAME)";
				SWIFT_EMIT_LOC_STRINGS = YES;
				SWIFT_VERSION = 5.0;
				TARGETED_DEVICE_FAMILY = "1,2";
			};
			name = Release;
		};
		CEBB6E222B4B060A0016B367 /* Debug */ = {
			isa = XCBuildConfiguration;
			buildSettings = {
				ALWAYS_EMBED_SWIFT_STANDARD_LIBRARIES = YES;
				BUNDLE_LOADER = "$(TEST_HOST)";
				CODE_SIGN_STYLE = Automatic;
				CURRENT_PROJECT_VERSION = 1;
				DEVELOPMENT_TEAM = FZXL4C9474;
				GENERATE_INFOPLIST_FILE = YES;
				IPHONEOS_DEPLOYMENT_TARGET = 17.0;
				MARKETING_VERSION = 1.0;
				PRODUCT_BUNDLE_IDENTIFIER = com.aliHassan.RandomQuoteAndImagesTests;
				PRODUCT_NAME = "$(TARGET_NAME)";
				SWIFT_EMIT_LOC_STRINGS = NO;
				SWIFT_VERSION = 5.0;
				TARGETED_DEVICE_FAMILY = "1,2";
				TEST_HOST = "$(BUILT_PRODUCTS_DIR)/RandomQuoteAndImages.app/$(BUNDLE_EXECUTABLE_FOLDER_PATH)/RandomQuoteAndImages";
			};
			name = Debug;
		};
		CEBB6E232B4B060A0016B367 /* Release */ = {
			isa = XCBuildConfiguration;
			buildSettings = {
				ALWAYS_EMBED_SWIFT_STANDARD_LIBRARIES = YES;
				BUNDLE_LOADER = "$(TEST_HOST)";
				CODE_SIGN_STYLE = Automatic;
				CURRENT_PROJECT_VERSION = 1;
				DEVELOPMENT_TEAM = FZXL4C9474;
				GENERATE_INFOPLIST_FILE = YES;
				IPHONEOS_DEPLOYMENT_TARGET = 17.0;
				MARKETING_VERSION = 1.0;
				PRODUCT_BUNDLE_IDENTIFIER = com.aliHassan.RandomQuoteAndImagesTests;
				PRODUCT_NAME = "$(TARGET_NAME)";
				SWIFT_EMIT_LOC_STRINGS = NO;
				SWIFT_VERSION = 5.0;
				TARGETED_DEVICE_FAMILY = "1,2";
				TEST_HOST = "$(BUILT_PRODUCTS_DIR)/RandomQuoteAndImages.app/$(BUNDLE_EXECUTABLE_FOLDER_PATH)/RandomQuoteAndImages";
			};
			name = Release;
		};
		CEBB6E252B4B060A0016B367 /* Debug */ = {
			isa = XCBuildConfiguration;
			buildSettings = {
				ALWAYS_EMBED_SWIFT_STANDARD_LIBRARIES = YES;
				CODE_SIGN_STYLE = Automatic;
				CURRENT_PROJECT_VERSION = 1;
				DEVELOPMENT_TEAM = FZXL4C9474;
				GENERATE_INFOPLIST_FILE = YES;
				MARKETING_VERSION = 1.0;
				PRODUCT_BUNDLE_IDENTIFIER = com.aliHassan.RandomQuoteAndImagesUITests;
				PRODUCT_NAME = "$(TARGET_NAME)";
				SWIFT_EMIT_LOC_STRINGS = NO;
				SWIFT_VERSION = 5.0;
				TARGETED_DEVICE_FAMILY = "1,2";
				TEST_TARGET_NAME = RandomQuoteAndImages;
			};
			name = Debug;
		};
		CEBB6E262B4B060A0016B367 /* Release */ = {
			isa = XCBuildConfiguration;
			buildSettings = {
				ALWAYS_EMBED_SWIFT_STANDARD_LIBRARIES = YES;
				CODE_SIGN_STYLE = Automatic;
				CURRENT_PROJECT_VERSION = 1;
				DEVELOPMENT_TEAM = FZXL4C9474;
				GENERATE_INFOPLIST_FILE = YES;
				MARKETING_VERSION = 1.0;
				PRODUCT_BUNDLE_IDENTIFIER = com.aliHassan.RandomQuoteAndImagesUITests;
				PRODUCT_NAME = "$(TARGET_NAME)";
				SWIFT_EMIT_LOC_STRINGS = NO;
				SWIFT_VERSION = 5.0;
				TARGETED_DEVICE_FAMILY = "1,2";
				TEST_TARGET_NAME = RandomQuoteAndImages;
			};
			name = Release;
		};
/* End XCBuildConfiguration section */

/* Begin XCConfigurationList section */
		CEBB6DF52B4B06070016B367 /* Build configuration list for PBXProject "RandomQuoteAndImages" */ = {
			isa = XCConfigurationList;
			buildConfigurations = (
				CEBB6E1C2B4B060A0016B367 /* Debug */,
				CEBB6E1D2B4B060A0016B367 /* Release */,
			);
			defaultConfigurationIsVisible = 0;
			defaultConfigurationName = Release;
		};
		CEBB6E1E2B4B060A0016B367 /* Build configuration list for PBXNativeTarget "RandomQuoteAndImages" */ = {
			isa = XCConfigurationList;
			buildConfigurations = (
				CEBB6E1F2B4B060A0016B367 /* Debug */,
				CEBB6E202B4B060A0016B367 /* Release */,
			);
			defaultConfigurationIsVisible = 0;
			defaultConfigurationName = Release;
		};
		CEBB6E212B4B060A0016B367 /* Build configuration list for PBXNativeTarget "RandomQuoteAndImagesTests" */ = {
			isa = XCConfigurationList;
			buildConfigurations = (
				CEBB6E222B4B060A0016B367 /* Debug */,
				CEBB6E232B4B060A0016B367 /* Release */,
			);
			defaultConfigurationIsVisible = 0;
			defaultConfigurationName = Release;
		};
		CEBB6E242B4B060A0016B367 /* Build configuration list for PBXNativeTarget "RandomQuoteAndImagesUITests" */ = {
			isa = XCConfigurationList;
			buildConfigurations = (
				CEBB6E252B4B060A0016B367 /* Debug */,
				CEBB6E262B4B060A0016B367 /* Release */,
			);
			defaultConfigurationIsVisible = 0;
			defaultConfigurationName = Release;
		};
/* End XCConfigurationList section */
	};
	rootObject = CEBB6DF22B4B06070016B367 /* Project object */;
}
